// !$*UTF8*$!
{
	archiveVersion = 1;
	classes = {
	};
	objectVersion = 56;
	objects = {

/* Begin PBXBuildFile section */
		CD3A7B6F2B2B7D580028081B /* TabBarViewController.swift in Sources */ = {isa = PBXBuildFile; fileRef = CD3A7B6E2B2B7D580028081B /* TabBarViewController.swift */; };
		CD3A7B712B2B83100028081B /* SectionContactsViewController.swift in Sources */ = {isa = PBXBuildFile; fileRef = CD3A7B702B2B83100028081B /* SectionContactsViewController.swift */; };
		CD4C0EBA2B2AEFFB00301F96 /* AppDelegate.swift in Sources */ = {isa = PBXBuildFile; fileRef = CD4C0EB92B2AEFFB00301F96 /* AppDelegate.swift */; };
		CD4C0EBC2B2AEFFB00301F96 /* SceneDelegate.swift in Sources */ = {isa = PBXBuildFile; fileRef = CD4C0EBB2B2AEFFB00301F96 /* SceneDelegate.swift */; };
		CD4C0EC12B2AEFFB00301F96 /* Main.storyboard in Resources */ = {isa = PBXBuildFile; fileRef = CD4C0EBF2B2AEFFB00301F96 /* Main.storyboard */; };
		CD4C0EC32B2AEFFB00301F96 /* Assets.xcassets in Resources */ = {isa = PBXBuildFile; fileRef = CD4C0EC22B2AEFFB00301F96 /* Assets.xcassets */; };
		CD4C0EC62B2AEFFB00301F96 /* LaunchScreen.storyboard in Resources */ = {isa = PBXBuildFile; fileRef = CD4C0EC42B2AEFFB00301F96 /* LaunchScreen.storyboard */; };
		CD4C0ED82B2AF1C900301F96 /* Person.swift in Sources */ = {isa = PBXBuildFile; fileRef = CD4C0ED72B2AF1C900301F96 /* Person.swift */; };
		CD4C0EDB2B2AF20300301F96 /* DataStore.swift in Sources */ = {isa = PBXBuildFile; fileRef = CD4C0EDA2B2AF20300301F96 /* DataStore.swift */; };
		CD4C0EDD2B2AF2FF00301F96 /* .gitignore in Resources */ = {isa = PBXBuildFile; fileRef = CD4C0EDC2B2AF2FF00301F96 /* .gitignore */; };
		CD4C0EDF2B2AFA0E00301F96 /* PersonsListViewController.swift in Sources */ = {isa = PBXBuildFile; fileRef = CD4C0EDE2B2AFA0E00301F96 /* PersonsListViewController.swift */; };
		CDF44CDD2B2B3D4500774700 /* ContactDetailsViewController.swift in Sources */ = {isa = PBXBuildFile; fileRef = CDF44CDC2B2B3D4500774700 /* ContactDetailsViewController.swift */; };
/* End PBXBuildFile section */

/* Begin PBXFileReference section */
		CD3A7B6E2B2B7D580028081B /* TabBarViewController.swift */ = {isa = PBXFileReference; lastKnownFileType = sourcecode.swift; path = TabBarViewController.swift; sourceTree = "<group>"; };
		CD3A7B702B2B83100028081B /* SectionContactsViewController.swift */ = {isa = PBXFileReference; lastKnownFileType = sourcecode.swift; path = SectionContactsViewController.swift; sourceTree = "<group>"; };
		CD4C0EB62B2AEFFB00301F96 /* ContactList.app */ = {isa = PBXFileReference; explicitFileType = wrapper.application; includeInIndex = 0; path = ContactList.app; sourceTree = BUILT_PRODUCTS_DIR; };
		CD4C0EB92B2AEFFB00301F96 /* AppDelegate.swift */ = {isa = PBXFileReference; lastKnownFileType = sourcecode.swift; path = AppDelegate.swift; sourceTree = "<group>"; };
		CD4C0EBB2B2AEFFB00301F96 /* SceneDelegate.swift */ = {isa = PBXFileReference; lastKnownFileType = sourcecode.swift; path = SceneDelegate.swift; sourceTree = "<group>"; };
		CD4C0EC02B2AEFFB00301F96 /* Base */ = {isa = PBXFileReference; lastKnownFileType = file.storyboard; name = Base; path = Base.lproj/Main.storyboard; sourceTree = "<group>"; };
		CD4C0EC22B2AEFFB00301F96 /* Assets.xcassets */ = {isa = PBXFileReference; lastKnownFileType = folder.assetcatalog; path = Assets.xcassets; sourceTree = "<group>"; };
		CD4C0EC52B2AEFFB00301F96 /* Base */ = {isa = PBXFileReference; lastKnownFileType = file.storyboard; name = Base; path = Base.lproj/LaunchScreen.storyboard; sourceTree = "<group>"; };
		CD4C0EC72B2AEFFB00301F96 /* Info.plist */ = {isa = PBXFileReference; lastKnownFileType = text.plist.xml; path = Info.plist; sourceTree = "<group>"; };
		CD4C0ED72B2AF1C900301F96 /* Person.swift */ = {isa = PBXFileReference; lastKnownFileType = sourcecode.swift; path = Person.swift; sourceTree = "<group>"; };
		CD4C0EDA2B2AF20300301F96 /* DataStore.swift */ = {isa = PBXFileReference; lastKnownFileType = sourcecode.swift; path = DataStore.swift; sourceTree = "<group>"; };
		CD4C0EDC2B2AF2FF00301F96 /* .gitignore */ = {isa = PBXFileReference; fileEncoding = 4; lastKnownFileType = text; path = .gitignore; sourceTree = "<group>"; };
		CD4C0EDE2B2AFA0E00301F96 /* PersonsListViewController.swift */ = {isa = PBXFileReference; lastKnownFileType = sourcecode.swift; path = PersonsListViewController.swift; sourceTree = "<group>"; };
		CDF44CDC2B2B3D4500774700 /* ContactDetailsViewController.swift */ = {isa = PBXFileReference; lastKnownFileType = sourcecode.swift; path = ContactDetailsViewController.swift; sourceTree = "<group>"; };
/* End PBXFileReference section */

/* Begin PBXFrameworksBuildPhase section */
		CD4C0EB32B2AEFFB00301F96 /* Frameworks */ = {
			isa = PBXFrameworksBuildPhase;
			buildActionMask = 2147483647;
			files = (
			);
			runOnlyForDeploymentPostprocessing = 0;
		};
/* End PBXFrameworksBuildPhase section */

/* Begin PBXGroup section */
		CD4C0EAD2B2AEFFA00301F96 = {
			isa = PBXGroup;
			children = (
				CD4C0EDC2B2AF2FF00301F96 /* .gitignore */,
				CD4C0EB82B2AEFFB00301F96 /* ContactList */,
				CD4C0EB72B2AEFFB00301F96 /* Products */,
			);
			sourceTree = "<group>";
		};
		CD4C0EB72B2AEFFB00301F96 /* Products */ = {
			isa = PBXGroup;
			children = (
				CD4C0EB62B2AEFFB00301F96 /* ContactList.app */,
			);
			name = Products;
			sourceTree = "<group>";
		};
		CD4C0EB82B2AEFFB00301F96 /* ContactList */ = {
			isa = PBXGroup;
			children = (
				CD4C0ECF2B2AF04700301F96 /* ViewControllers */,
				CD4C0ED62B2AF1BB00301F96 /* Models */,
				CD4C0ECE2B2AF02300301F96 /* Storyboards */,
				CD4C0ECD2B2AF01A00301F96 /* App */,
				CD4C0ED92B2AF1EA00301F96 /* Services */,
				CD4C0EC22B2AEFFB00301F96 /* Assets.xcassets */,
			);
			path = ContactList;
			sourceTree = "<group>";
		};
		CD4C0ECD2B2AF01A00301F96 /* App */ = {
			isa = PBXGroup;
			children = (
				CD4C0EB92B2AEFFB00301F96 /* AppDelegate.swift */,
				CD4C0EBB2B2AEFFB00301F96 /* SceneDelegate.swift */,
				CD4C0EC72B2AEFFB00301F96 /* Info.plist */,
			);
			path = App;
			sourceTree = "<group>";
		};
		CD4C0ECE2B2AF02300301F96 /* Storyboards */ = {
			isa = PBXGroup;
			children = (
				CD4C0EBF2B2AEFFB00301F96 /* Main.storyboard */,
				CD4C0EC42B2AEFFB00301F96 /* LaunchScreen.storyboard */,
			);
			path = Storyboards;
			sourceTree = "<group>";
		};
		CD4C0ECF2B2AF04700301F96 /* ViewControllers */ = {
			isa = PBXGroup;
			children = (
				CD3A7B6E2B2B7D580028081B /* TabBarViewController.swift */,
				CD4C0EDE2B2AFA0E00301F96 /* PersonsListViewController.swift */,
				CDF44CDC2B2B3D4500774700 /* ContactDetailsViewController.swift */,
				CD3A7B702B2B83100028081B /* SectionContactsViewController.swift */,
			);
			path = ViewControllers;
			sourceTree = "<group>";
		};
		CD4C0ED62B2AF1BB00301F96 /* Models */ = {
			isa = PBXGroup;
			children = (
				CD4C0ED72B2AF1C900301F96 /* Person.swift */,
			);
			path = Models;
			sourceTree = "<group>";
		};
		CD4C0ED92B2AF1EA00301F96 /* Services */ = {
			isa = PBXGroup;
			children = (
				CD4C0EDA2B2AF20300301F96 /* DataStore.swift */,
			);
			path = Services;
			sourceTree = "<group>";
		};
/* End PBXGroup section */

/* Begin PBXNativeTarget section */
		CD4C0EB52B2AEFFB00301F96 /* ContactList */ = {
			isa = PBXNativeTarget;
			buildConfigurationList = CD4C0ECA2B2AEFFB00301F96 /* Build configuration list for PBXNativeTarget "ContactList" */;
			buildPhases = (
				CD4C0EB22B2AEFFB00301F96 /* Sources */,
				CD4C0EB32B2AEFFB00301F96 /* Frameworks */,
				CD4C0EB42B2AEFFB00301F96 /* Resources */,
			);
			buildRules = (
			);
			dependencies = (
			);
			name = ContactList;
			productName = ContactList;
			productReference = CD4C0EB62B2AEFFB00301F96 /* ContactList.app */;
			productType = "com.apple.product-type.application";
		};
/* End PBXNativeTarget section */

/* Begin PBXProject section */
		CD4C0EAE2B2AEFFB00301F96 /* Project object */ = {
			isa = PBXProject;
			attributes = {
				BuildIndependentTargetsInParallel = 1;
				LastSwiftUpdateCheck = 1500;
				LastUpgradeCheck = 1500;
				TargetAttributes = {
					CD4C0EB52B2AEFFB00301F96 = {
						CreatedOnToolsVersion = 15.0.1;
					};
				};
			};
			buildConfigurationList = CD4C0EB12B2AEFFB00301F96 /* Build configuration list for PBXProject "ContactList" */;
			compatibilityVersion = "Xcode 14.0";
			developmentRegion = en;
			hasScannedForEncodings = 0;
			knownRegions = (
				en,
				Base,
			);
			mainGroup = CD4C0EAD2B2AEFFA00301F96;
			productRefGroup = CD4C0EB72B2AEFFB00301F96 /* Products */;
			projectDirPath = "";
			projectRoot = "";
			targets = (
				CD4C0EB52B2AEFFB00301F96 /* ContactList */,
			);
		};
/* End PBXProject section */

/* Begin PBXResourcesBuildPhase section */
		CD4C0EB42B2AEFFB00301F96 /* Resources */ = {
			isa = PBXResourcesBuildPhase;
			buildActionMask = 2147483647;
			files = (
				CD4C0EDD2B2AF2FF00301F96 /* .gitignore in Resources */,
				CD4C0EC62B2AEFFB00301F96 /* LaunchScreen.storyboard in Resources */,
				CD4C0EC32B2AEFFB00301F96 /* Assets.xcassets in Resources */,
				CD4C0EC12B2AEFFB00301F96 /* Main.storyboard in Resources */,
			);
			runOnlyForDeploymentPostprocessing = 0;
		};
/* End PBXResourcesBuildPhase section */

/* Begin PBXSourcesBuildPhase section */
		CD4C0EB22B2AEFFB00301F96 /* Sources */ = {
			isa = PBXSourcesBuildPhase;
			buildActionMask = 2147483647;
			files = (
				CD3A7B6F2B2B7D580028081B /* TabBarViewController.swift in Sources */,
				CD3A7B712B2B83100028081B /* SectionContactsViewController.swift in Sources */,
				CD4C0ED82B2AF1C900301F96 /* Person.swift in Sources */,
				CD4C0EDF2B2AFA0E00301F96 /* PersonsListViewController.swift in Sources */,
				CDF44CDD2B2B3D4500774700 /* ContactDetailsViewController.swift in Sources */,
				CD4C0EBA2B2AEFFB00301F96 /* AppDelegate.swift in Sources */,
				CD4C0EDB2B2AF20300301F96 /* DataStore.swift in Sources */,
				CD4C0EBC2B2AEFFB00301F96 /* SceneDelegate.swift in Sources */,
			);
			runOnlyForDeploymentPostprocessing = 0;
		};
/* End PBXSourcesBuildPhase section */

/* Begin PBXVariantGroup section */
		CD4C0EBF2B2AEFFB00301F96 /* Main.storyboard */ = {
			isa = PBXVariantGroup;
			children = (
				CD4C0EC02B2AEFFB00301F96 /* Base */,
			);
			name = Main.storyboard;
			sourceTree = "<group>";
		};
		CD4C0EC42B2AEFFB00301F96 /* LaunchScreen.storyboard */ = {
			isa = PBXVariantGroup;
			children = (
				CD4C0EC52B2AEFFB00301F96 /* Base */,
			);
			name = LaunchScreen.storyboard;
			sourceTree = "<group>";
		};
/* End PBXVariantGroup section */

/* Begin XCBuildConfiguration section */
		CD4C0EC82B2AEFFB00301F96 /* Debug */ = {
			isa = XCBuildConfiguration;
			buildSettings = {
				ALWAYS_SEARCH_USER_PATHS = NO;
				ASSETCATALOG_COMPILER_GENERATE_SWIFT_ASSET_SYMBOL_EXTENSIONS = YES;
				CLANG_ANALYZER_NONNULL = YES;
				CLANG_ANALYZER_NUMBER_OBJECT_CONVERSION = YES_AGGRESSIVE;
				CLANG_CXX_LANGUAGE_STANDARD = "gnu++20";
				CLANG_ENABLE_MODULES = YES;
				CLANG_ENABLE_OBJC_ARC = YES;
				CLANG_ENABLE_OBJC_WEAK = YES;
				CLANG_WARN_BLOCK_CAPTURE_AUTORELEASING = YES;
				CLANG_WARN_BOOL_CONVERSION = YES;
				CLANG_WARN_COMMA = YES;
				CLANG_WARN_CONSTANT_CONVERSION = YES;
				CLANG_WARN_DEPRECATED_OBJC_IMPLEMENTATIONS = YES;
				CLANG_WARN_DIRECT_OBJC_ISA_USAGE = YES_ERROR;
				CLANG_WARN_DOCUMENTATION_COMMENTS = YES;
				CLANG_WARN_EMPTY_BODY = YES;
				CLANG_WARN_ENUM_CONVERSION = YES;
				CLANG_WARN_INFINITE_RECURSION = YES;
				CLANG_WARN_INT_CONVERSION = YES;
				CLANG_WARN_NON_LITERAL_NULL_CONVERSION = YES;
				CLANG_WARN_OBJC_IMPLICIT_RETAIN_SELF = YES;
				CLANG_WARN_OBJC_LITERAL_CONVERSION = YES;
				CLANG_WARN_OBJC_ROOT_CLASS = YES_ERROR;
				CLANG_WARN_QUOTED_INCLUDE_IN_FRAMEWORK_HEADER = YES;
				CLANG_WARN_RANGE_LOOP_ANALYSIS = YES;
				CLANG_WARN_STRICT_PROTOTYPES = YES;
				CLANG_WARN_SUSPICIOUS_MOVE = YES;
				CLANG_WARN_UNGUARDED_AVAILABILITY = YES_AGGRESSIVE;
				CLANG_WARN_UNREACHABLE_CODE = YES;
				CLANG_WARN__DUPLICATE_METHOD_MATCH = YES;
				COPY_PHASE_STRIP = NO;
				DEBUG_INFORMATION_FORMAT = dwarf;
				ENABLE_STRICT_OBJC_MSGSEND = YES;
				ENABLE_TESTABILITY = YES;
				ENABLE_USER_SCRIPT_SANDBOXING = YES;
				GCC_C_LANGUAGE_STANDARD = gnu17;
				GCC_DYNAMIC_NO_PIC = NO;
				GCC_NO_COMMON_BLOCKS = YES;
				GCC_OPTIMIZATION_LEVEL = 0;
				GCC_PREPROCESSOR_DEFINITIONS = (
					"DEBUG=1",
					"$(inherited)",
				);
				GCC_WARN_64_TO_32_BIT_CONVERSION = YES;
				GCC_WARN_ABOUT_RETURN_TYPE = YES_ERROR;
				GCC_WARN_UNDECLARED_SELECTOR = YES;
				GCC_WARN_UNINITIALIZED_AUTOS = YES_AGGRESSIVE;
				GCC_WARN_UNUSED_FUNCTION = YES;
				GCC_WARN_UNUSED_VARIABLE = YES;
				IPHONEOS_DEPLOYMENT_TARGET = 17.0;
				LOCALIZATION_PREFERS_STRING_CATALOGS = YES;
				MTL_ENABLE_DEBUG_INFO = INCLUDE_SOURCE;
				MTL_FAST_MATH = YES;
				ONLY_ACTIVE_ARCH = YES;
				SDKROOT = iphoneos;
				SWIFT_ACTIVE_COMPILATION_CONDITIONS = "DEBUG $(inherited)";
				SWIFT_OPTIMIZATION_LEVEL = "-Onone";
			};
			name = Debug;
		};
		CD4C0EC92B2AEFFB00301F96 /* Release */ = {
			isa = XCBuildConfiguration;
			buildSettings = {
				ALWAYS_SEARCH_USER_PATHS = NO;
				ASSETCATALOG_COMPILER_GENERATE_SWIFT_ASSET_SYMBOL_EXTENSIONS = YES;
				CLANG_ANALYZER_NONNULL = YES;
				CLANG_ANALYZER_NUMBER_OBJECT_CONVERSION = YES_AGGRESSIVE;
				CLANG_CXX_LANGUAGE_STANDARD = "gnu++20";
				CLANG_ENABLE_MODULES = YES;
				CLANG_ENABLE_OBJC_ARC = YES;
				CLANG_ENABLE_OBJC_WEAK = YES;
				CLANG_WARN_BLOCK_CAPTURE_AUTORELEASING = YES;
				CLANG_WARN_BOOL_CONVERSION = YES;
				CLANG_WARN_COMMA = YES;
				CLANG_WARN_CONSTANT_CONVERSION = YES;
				CLANG_WARN_DEPRECATED_OBJC_IMPLEMENTATIONS = YES;
				CLANG_WARN_DIRECT_OBJC_ISA_USAGE = YES_ERROR;
				CLANG_WARN_DOCUMENTATION_COMMENTS = YES;
				CLANG_WARN_EMPTY_BODY = YES;
				CLANG_WARN_ENUM_CONVERSION = YES;
				CLANG_WARN_INFINITE_RECURSION = YES;
				CLANG_WARN_INT_CONVERSION = YES;
				CLANG_WARN_NON_LITERAL_NULL_CONVERSION = YES;
				CLANG_WARN_OBJC_IMPLICIT_RETAIN_SELF = YES;
				CLANG_WARN_OBJC_LITERAL_CONVERSION = YES;
				CLANG_WARN_OBJC_ROOT_CLASS = YES_ERROR;
				CLANG_WARN_QUOTED_INCLUDE_IN_FRAMEWORK_HEADER = YES;
				CLANG_WARN_RANGE_LOOP_ANALYSIS = YES;
				CLANG_WARN_STRICT_PROTOTYPES = YES;
				CLANG_WARN_SUSPICIOUS_MOVE = YES;
				CLANG_WARN_UNGUARDED_AVAILABILITY = YES_AGGRESSIVE;
				CLANG_WARN_UNREACHABLE_CODE = YES;
				CLANG_WARN__DUPLICATE_METHOD_MATCH = YES;
				COPY_PHASE_STRIP = NO;
				DEBUG_INFORMATION_FORMAT = "dwarf-with-dsym";
				ENABLE_NS_ASSERTIONS = NO;
				ENABLE_STRICT_OBJC_MSGSEND = YES;
				ENABLE_USER_SCRIPT_SANDBOXING = YES;
				GCC_C_LANGUAGE_STANDARD = gnu17;
				GCC_NO_COMMON_BLOCKS = YES;
				GCC_WARN_64_TO_32_BIT_CONVERSION = YES;
				GCC_WARN_ABOUT_RETURN_TYPE = YES_ERROR;
				GCC_WARN_UNDECLARED_SELECTOR = YES;
				GCC_WARN_UNINITIALIZED_AUTOS = YES_AGGRESSIVE;
				GCC_WARN_UNUSED_FUNCTION = YES;
				GCC_WARN_UNUSED_VARIABLE = YES;
				IPHONEOS_DEPLOYMENT_TARGET = 17.0;
				LOCALIZATION_PREFERS_STRING_CATALOGS = YES;
				MTL_ENABLE_DEBUG_INFO = NO;
				MTL_FAST_MATH = YES;
				SDKROOT = iphoneos;
				SWIFT_COMPILATION_MODE = wholemodule;
				VALIDATE_PRODUCT = YES;
			};
			name = Release;
		};
		CD4C0ECB2B2AEFFB00301F96 /* Debug */ = {
			isa = XCBuildConfiguration;
			buildSettings = {
				ASSETCATALOG_COMPILER_APPICON_NAME = AppIcon;
				ASSETCATALOG_COMPILER_GLOBAL_ACCENT_COLOR_NAME = AccentColor;
				CODE_SIGN_STYLE = Automatic;
				CURRENT_PROJECT_VERSION = 1;
				DEVELOPMENT_TEAM = V3YK82Q5NN;
				GENERATE_INFOPLIST_FILE = YES;
				INFOPLIST_FILE = ContactList/App/Info.plist;
				INFOPLIST_KEY_CFBundleDisplayName = Contacts;
				INFOPLIST_KEY_UIApplicationSupportsIndirectInputEvents = YES;
				INFOPLIST_KEY_UILaunchStoryboardName = LaunchScreen;
				INFOPLIST_KEY_UIMainStoryboardFile = Main;
				INFOPLIST_KEY_UISupportedInterfaceOrientations = UIInterfaceOrientationPortrait;
				INFOPLIST_KEY_UISupportedInterfaceOrientations_iPad = "UIInterfaceOrientationLandscapeLeft UIInterfaceOrientationLandscapeRight UIInterfaceOrientationPortrait UIInterfaceOrientationPortraitUpsideDown";
				LD_RUNPATH_SEARCH_PATHS = (
					"$(inherited)",
					"@executable_path/Frameworks",
				);
				MARKETING_VERSION = 1.0;
				PRODUCT_BUNDLE_IDENTIFIER = broski43.ContactList;
				PRODUCT_NAME = "$(TARGET_NAME)";
				SUPPORTED_PLATFORMS = "iphoneos iphonesimulator";
				SUPPORTS_MACCATALYST = NO;
				SUPPORTS_MAC_DESIGNED_FOR_IPHONE_IPAD = NO;
				SUPPORTS_XR_DESIGNED_FOR_IPHONE_IPAD = NO;
				SWIFT_EMIT_LOC_STRINGS = YES;
				SWIFT_VERSION = 5.0;
				TARGETED_DEVICE_FAMILY = 1;
			};
			name = Debug;
		};
		CD4C0ECC2B2AEFFB00301F96 /* Release */ = {
			isa = XCBuildConfiguration;
			buildSettings = {
				ASSETCATALOG_COMPILER_APPICON_NAME = AppIcon;
				ASSETCATALOG_COMPILER_GLOBAL_ACCENT_COLOR_NAME = AccentColor;
				CODE_SIGN_STYLE = Automatic;
				CURRENT_PROJECT_VERSION = 1;
				DEVELOPMENT_TEAM = V3YK82Q5NN;
				GENERATE_INFOPLIST_FILE = YES;
				INFOPLIST_FILE = ContactList/App/Info.plist;
				INFOPLIST_KEY_CFBundleDisplayName = Contacts;
				INFOPLIST_KEY_UIApplicationSupportsIndirectInputEvents = YES;
				INFOPLIST_KEY_UILaunchStoryboardName = LaunchScreen;
				INFOPLIST_KEY_UIMainStoryboardFile = Main;
				INFOPLIST_KEY_UISupportedInterfaceOrientations = UIInterfaceOrientationPortrait;
				INFOPLIST_KEY_UISupportedInterfaceOrientations_iPad = "UIInterfaceOrientationLandscapeLeft UIInterfaceOrientationLandscapeRight UIInterfaceOrientationPortrait UIInterfaceOrientationPortraitUpsideDown";
				LD_RUNPATH_SEARCH_PATHS = (
					"$(inherited)",
					"@executable_path/Frameworks",
				);
				MARKETING_VERSION = 1.0;
				PRODUCT_BUNDLE_IDENTIFIER = broski43.ContactList;
				PRODUCT_NAME = "$(TARGET_NAME)";
				SUPPORTED_PLATFORMS = "iphoneos iphonesimulator";
				SUPPORTS_MACCATALYST = NO;
				SUPPORTS_MAC_DESIGNED_FOR_IPHONE_IPAD = NO;
				SUPPORTS_XR_DESIGNED_FOR_IPHONE_IPAD = NO;
				SWIFT_EMIT_LOC_STRINGS = YES;
				SWIFT_VERSION = 5.0;
				TARGETED_DEVICE_FAMILY = 1;
			};
			name = Release;
		};
/* End XCBuildConfiguration section */

/* Begin XCConfigurationList section */
		CD4C0EB12B2AEFFB00301F96 /* Build configuration list for PBXProject "ContactList" */ = {
			isa = XCConfigurationList;
			buildConfigurations = (
				CD4C0EC82B2AEFFB00301F96 /* Debug */,
				CD4C0EC92B2AEFFB00301F96 /* Release */,
			);
			defaultConfigurationIsVisible = 0;
			defaultConfigurationName = Release;
		};
		CD4C0ECA2B2AEFFB00301F96 /* Build configuration list for PBXNativeTarget "ContactList" */ = {
			isa = XCConfigurationList;
			buildConfigurations = (
				CD4C0ECB2B2AEFFB00301F96 /* Debug */,
				CD4C0ECC2B2AEFFB00301F96 /* Release */,
			);
			defaultConfigurationIsVisible = 0;
			defaultConfigurationName = Release;
		};
/* End XCConfigurationList section */
	};
	rootObject = CD4C0EAE2B2AEFFB00301F96 /* Project object */;
}
